
Microsoft Visual Studio Solution File, Format Version 12.00
# Visual Studio Version 17
VisualStudioVersion = 17.8.34511.84
MinimumVisualStudioVersion = 10.0.40219.1
Project("{9A19103F-16F7-4668-BE54-9A1E7A4F7556}") = "Serpent", "Serpent\Serpent.csproj", "{58491606-4AB8-4517-BF2F-3B4509A2F3FC}"
EndProject
Project("{9A19103F-16F7-4668-BE54-9A1E7A4F7556}") = "Testing Sound", "Testing Sound\Testing Sound.csproj", "{CE72595A-874B-4B8D-A683-43374BC2465E}"
EndProject
Project("{9A19103F-16F7-4668-BE54-9A1E7A4F7556}") = "Sample Snake", "Sample Snake\Sample Snake.csproj", "{F1F665D6-4662-498B-B18E-48996A11AE7F}"
EndProject
Project("{9A19103F-16F7-4668-BE54-9A1E7A4F7556}") = "Test Movement", "Test Movement\Test Movement.csproj", "{DA635353-6355-4043-8851-243D8E527F85}"
EndProject
Project("{9A19103F-16F7-4668-BE54-9A1E7A4F7556}") = "Serpent-v0.2", "Serpent-v0.2\Serpent-v0.2.csproj", "{C9B18821-1F17-4F07-92CC-86E0AC28CA8B}"
EndProject
Project("{9A19103F-16F7-4668-BE54-9A1E7A4F7556}") = "Snake-Sample-2", "Snake-Sample-2\Snake-Sample-2.csproj", "{21AF3E50-008D-4C15-A6D6-3A1FB41DEB0C}"
EndProject
Project("{9A19103F-16F7-4668-BE54-9A1E7A4F7556}") = "Serpent-v0.3", "Serpent-v0.3\Serpent-v0.3.csproj", "{1DA414D7-38CA-40F6-8862-0081488240B7}"
EndProject
Project("{9A19103F-16F7-4668-BE54-9A1E7A4F7556}") = "Serpent-v0.4", "Serpent-v0.4\Serpent-v0.4.csproj", "{48E54C2B-72CF-419A-8D23-4AA2300F7D69}"
EndProject
Project("{9A19103F-16F7-4668-BE54-9A1E7A4F7556}") = "Serpent-v0.31", "Serpent-v0.31\Serpent-v0.31.csproj", "{795B84E3-9964-4B1E-AEEB-4CC2AE88D8F4}"
EndProject
Project("{9A19103F-16F7-4668-BE54-9A1E7A4F7556}") = "Serpiente", "Serpiente\Serpiente.csproj", "{D7F0762E-7858-4BDC-8F8F-D374A9A93733}"
EndProject
Project("{FAE04EC0-301F-11D3-BF4B-00C04F79EFBC}") = "Rectangle and Point", "Rectangle and Point\Rectangle and Point.csproj", "{C95CB683-AAA0-4BF2-81D4-644843B7B78C}"
EndProject
Global
	GlobalSection(SolutionConfigurationPlatforms) = preSolution
		Debug|Any CPU = Debug|Any CPU
		Release|Any CPU = Release|Any CPU
	EndGlobalSection
	GlobalSection(ProjectConfigurationPlatforms) = postSolution
		{58491606-4AB8-4517-BF2F-3B4509A2F3FC}.Debug|Any CPU.ActiveCfg = Debug|Any CPU
		{58491606-4AB8-4517-BF2F-3B4509A2F3FC}.Debug|Any CPU.Build.0 = Debug|Any CPU
		{58491606-4AB8-4517-BF2F-3B4509A2F3FC}.Release|Any CPU.ActiveCfg = Release|Any CPU
		{58491606-4AB8-4517-BF2F-3B4509A2F3FC}.Release|Any CPU.Build.0 = Release|Any CPU
		{CE72595A-874B-4B8D-A683-43374BC2465E}.Debug|Any CPU.ActiveCfg = Debug|Any CPU
		{CE72595A-874B-4B8D-A683-43374BC2465E}.Debug|Any CPU.Build.0 = Debug|Any CPU
		{CE72595A-874B-4B8D-A683-43374BC2465E}.Release|Any CPU.ActiveCfg = Release|Any CPU
		{CE72595A-874B-4B8D-A683-43374BC2465E}.Release|Any CPU.Build.0 = Release|Any CPU
		{F1F665D6-4662-498B-B18E-48996A11AE7F}.Debug|Any CPU.ActiveCfg = Debug|Any CPU
		{F1F665D6-4662-498B-B18E-48996A11AE7F}.Debug|Any CPU.Build.0 = Debug|Any CPU
		{F1F665D6-4662-498B-B18E-48996A11AE7F}.Release|Any CPU.ActiveCfg = Release|Any CPU
		{F1F665D6-4662-498B-B18E-48996A11AE7F}.Release|Any CPU.Build.0 = Release|Any CPU
		{DA635353-6355-4043-8851-243D8E527F85}.Debug|Any CPU.ActiveCfg = Debug|Any CPU
		{DA635353-6355-4043-8851-243D8E527F85}.Debug|Any CPU.Build.0 = Debug|Any CPU
		{DA635353-6355-4043-8851-243D8E527F85}.Release|Any CPU.ActiveCfg = Release|Any CPU
		{DA635353-6355-4043-8851-243D8E527F85}.Release|Any CPU.Build.0 = Release|Any CPU
		{C9B18821-1F17-4F07-92CC-86E0AC28CA8B}.Debug|Any CPU.ActiveCfg = Debug|Any CPU
		{C9B18821-1F17-4F07-92CC-86E0AC28CA8B}.Debug|Any CPU.Build.0 = Debug|Any CPU
		{C9B18821-1F17-4F07-92CC-86E0AC28CA8B}.Release|Any CPU.ActiveCfg = Release|Any CPU
		{C9B18821-1F17-4F07-92CC-86E0AC28CA8B}.Release|Any CPU.Build.0 = Release|Any CPU
		{21AF3E50-008D-4C15-A6D6-3A1FB41DEB0C}.Debug|Any CPU.ActiveCfg = Debug|Any CPU
		{21AF3E50-008D-4C15-A6D6-3A1FB41DEB0C}.Debug|Any CPU.Build.0 = Debug|Any CPU
		{21AF3E50-008D-4C15-A6D6-3A1FB41DEB0C}.Release|Any CPU.ActiveCfg = Release|Any CPU
		{21AF3E50-008D-4C15-A6D6-3A1FB41DEB0C}.Release|Any CPU.Build.0 = Release|Any CPU
		{1DA414D7-38CA-40F6-8862-0081488240B7}.Debug|Any CPU.ActiveCfg = Debug|Any CPU
		{1DA414D7-38CA-40F6-8862-0081488240B7}.Debug|Any CPU.Build.0 = Debug|Any CPU
		{1DA414D7-38CA-40F6-8862-0081488240B7}.Release|Any CPU.ActiveCfg = Release|Any CPU
		{1DA414D7-38CA-40F6-8862-0081488240B7}.Release|Any CPU.Build.0 = Release|Any CPU
		{48E54C2B-72CF-419A-8D23-4AA2300F7D69}.Debug|Any CPU.ActiveCfg = Debug|Any CPU
		{48E54C2B-72CF-419A-8D23-4AA2300F7D69}.Debug|Any CPU.Build.0 = Debug|Any CPU
		{48E54C2B-72CF-419A-8D23-4AA2300F7D69}.Release|Any CPU.ActiveCfg = Release|Any CPU
		{48E54C2B-72CF-419A-8D23-4AA2300F7D69}.Release|Any CPU.Build.0 = Release|Any CPU
		{795B84E3-9964-4B1E-AEEB-4CC2AE88D8F4}.Debug|Any CPU.ActiveCfg = Debug|Any CPU
		{795B84E3-9964-4B1E-AEEB-4CC2AE88D8F4}.Debug|Any CPU.Build.0 = Debug|Any CPU
		{795B84E3-9964-4B1E-AEEB-4CC2AE88D8F4}.Release|Any CPU.ActiveCfg = Release|Any CPU
		{795B84E3-9964-4B1E-AEEB-4CC2AE88D8F4}.Release|Any CPU.Build.0 = Release|Any CPU
		{D7F0762E-7858-4BDC-8F8F-D374A9A93733}.Debug|Any CPU.ActiveCfg = Debug|Any CPU
		{D7F0762E-7858-4BDC-8F8F-D374A9A93733}.Debug|Any CPU.Build.0 = Debug|Any CPU
		{D7F0762E-7858-4BDC-8F8F-D374A9A93733}.Release|Any CPU.ActiveCfg = Release|Any CPU
		{D7F0762E-7858-4BDC-8F8F-D374A9A93733}.Release|Any CPU.Build.0 = Release|Any CPU
		{C95CB683-AAA0-4BF2-81D4-644843B7B78C}.Debug|Any CPU.ActiveCfg = Debug|Any CPU
		{C95CB683-AAA0-4BF2-81D4-644843B7B78C}.Debug|Any CPU.Build.0 = Debug|Any CPU
		{C95CB683-AAA0-4BF2-81D4-644843B7B78C}.Release|Any CPU.ActiveCfg = Release|Any CPU
		{C95CB683-AAA0-4BF2-81D4-644843B7B78C}.Release|Any CPU.Build.0 = Release|Any CPU
	EndGlobalSection
	GlobalSection(SolutionProperties) = preSolution
		HideSolutionNode = FALSE
	EndGlobalSection
	GlobalSection(ExtensibilityGlobals) = postSolution
		SolutionGuid = {3C560F4D-21C1-4C5F-B30C-B5B29AA3A01D}
	EndGlobalSection
EndGlobal
