
Microsoft Visual Studio Solution File, Format Version 12.00
# Visual Studio Version 17
VisualStudioVersion = 17.8.34525.116
MinimumVisualStudioVersion = 10.0.40219.1
Project("{FAE04EC0-301F-11D3-BF4B-00C04F79EFBC}") = "Caja Blanca-1", "Caja Blanca-1\Caja Blanca-1.csproj", "{33EABC8D-7BBE-421A-9AC4-4B098B0CC07F}"
EndProject
Global
	GlobalSection(SolutionConfigurationPlatforms) = preSolution
		Debug|Any CPU = Debug|Any CPU
		Release|Any CPU = Release|Any CPU
	EndGlobalSection
	GlobalSection(ProjectConfigurationPlatforms) = postSolution
		{33EABC8D-7BBE-421A-9AC4-4B098B0CC07F}.Debug|Any CPU.ActiveCfg = Debug|Any CPU
		{33EABC8D-7BBE-421A-9AC4-4B098B0CC07F}.Debug|Any CPU.Build.0 = Debug|Any CPU
		{33EABC8D-7BBE-421A-9AC4-4B098B0CC07F}.Release|Any CPU.ActiveCfg = Release|Any CPU
		{33EABC8D-7BBE-421A-9AC4-4B098B0CC07F}.Release|Any CPU.Build.0 = Release|Any CPU
	EndGlobalSection
	GlobalSection(SolutionProperties) = preSolution
		HideSolutionNode = FALSE
	EndGlobalSection
	GlobalSection(ExtensibilityGlobals) = postSolution
		SolutionGuid = {8E97A4D0-BC50-49D5-AD64-53FF7EF22A91}
	EndGlobalSection
EndGlobal
