
Microsoft Visual Studio Solution File, Format Version 12.00
# Visual Studio Version 17
VisualStudioVersion = 17.9.34616.47
MinimumVisualStudioVersion = 10.0.40219.1
Project("{9A19103F-16F7-4668-BE54-9A1E7A4F7556}") = "Baraja Francesa", "Baraja Francesa\Baraja Francesa.csproj", "{15940724-F66F-4559-86C3-F35815CCEDE3}"
EndProject
Project("{9A19103F-16F7-4668-BE54-9A1E7A4F7556}") = "Cartas", "Cartas\Cartas.csproj", "{AD0778F2-448B-46ED-A68D-3D82C7399591}"
EndProject
Project("{9A19103F-16F7-4668-BE54-9A1E7A4F7556}") = "Baraja Francesa-Figuras", "Baraja Francesa-Figuras\Baraja Francesa-Figuras.csproj", "{5C383B8D-F4D3-4B5D-9970-D4E1371942C7}"
EndProject
Project("{FAE04EC0-301F-11D3-BF4B-00C04F79EFBC}") = "Siete y Medio", "Siete y Medio\Siete y Medio.csproj", "{56227033-44B1-4922-8D21-1295A8A5C4A1}"
EndProject
Global
	GlobalSection(SolutionConfigurationPlatforms) = preSolution
		Debug|Any CPU = Debug|Any CPU
		Release|Any CPU = Release|Any CPU
	EndGlobalSection
	GlobalSection(ProjectConfigurationPlatforms) = postSolution
		{15940724-F66F-4559-86C3-F35815CCEDE3}.Debug|Any CPU.ActiveCfg = Debug|Any CPU
		{15940724-F66F-4559-86C3-F35815CCEDE3}.Debug|Any CPU.Build.0 = Debug|Any CPU
		{15940724-F66F-4559-86C3-F35815CCEDE3}.Release|Any CPU.ActiveCfg = Release|Any CPU
		{15940724-F66F-4559-86C3-F35815CCEDE3}.Release|Any CPU.Build.0 = Release|Any CPU
		{AD0778F2-448B-46ED-A68D-3D82C7399591}.Debug|Any CPU.ActiveCfg = Debug|Any CPU
		{AD0778F2-448B-46ED-A68D-3D82C7399591}.Debug|Any CPU.Build.0 = Debug|Any CPU
		{AD0778F2-448B-46ED-A68D-3D82C7399591}.Release|Any CPU.ActiveCfg = Release|Any CPU
		{AD0778F2-448B-46ED-A68D-3D82C7399591}.Release|Any CPU.Build.0 = Release|Any CPU
		{5C383B8D-F4D3-4B5D-9970-D4E1371942C7}.Debug|Any CPU.ActiveCfg = Debug|Any CPU
		{5C383B8D-F4D3-4B5D-9970-D4E1371942C7}.Debug|Any CPU.Build.0 = Debug|Any CPU
		{5C383B8D-F4D3-4B5D-9970-D4E1371942C7}.Release|Any CPU.ActiveCfg = Release|Any CPU
		{5C383B8D-F4D3-4B5D-9970-D4E1371942C7}.Release|Any CPU.Build.0 = Release|Any CPU
		{56227033-44B1-4922-8D21-1295A8A5C4A1}.Debug|Any CPU.ActiveCfg = Debug|Any CPU
		{56227033-44B1-4922-8D21-1295A8A5C4A1}.Debug|Any CPU.Build.0 = Debug|Any CPU
		{56227033-44B1-4922-8D21-1295A8A5C4A1}.Release|Any CPU.ActiveCfg = Release|Any CPU
		{56227033-44B1-4922-8D21-1295A8A5C4A1}.Release|Any CPU.Build.0 = Release|Any CPU
	EndGlobalSection
	GlobalSection(SolutionProperties) = preSolution
		HideSolutionNode = FALSE
	EndGlobalSection
	GlobalSection(ExtensibilityGlobals) = postSolution
		SolutionGuid = {15AB3EC3-4014-45DD-9735-4CAFE319D2AF}
	EndGlobalSection
EndGlobal
