
Microsoft Visual Studio Solution File, Format Version 12.00
# Visual Studio Version 17
VisualStudioVersion = 17.3.32929.385
MinimumVisualStudioVersion = 10.0.40219.1
Project("{9A19103F-16F7-4668-BE54-9A1E7A4F7556}") = "Ejercicio1", "Ejercicio1\Ejercicio1.csproj", "{50F85F41-1D5A-4C3B-BCD8-E353F65F572C}"
EndProject
Project("{9A19103F-16F7-4668-BE54-9A1E7A4F7556}") = "Ejercicio2", "Ejercicio2\Ejercicio2.csproj", "{B84AC2F1-757E-4437-B6A8-460E2A2BF95E}"
EndProject
Project("{9A19103F-16F7-4668-BE54-9A1E7A4F7556}") = "Ejercicio3", "Ejercicio 3\Ejercicio3.csproj", "{3ABF8302-202C-492D-8D64-4DA9CA347839}"
EndProject
Project("{9A19103F-16F7-4668-BE54-9A1E7A4F7556}") = "Ejercicio4", "Ejercicio 4\Ejercicio4.csproj", "{6044E3F0-C539-4F2B-B04F-EC2D6F3663C2}"
EndProject
Project("{9A19103F-16F7-4668-BE54-9A1E7A4F7556}") = "Ejercicio5", "Ejercicio5\Ejercicio5.csproj", "{533966C7-D38E-4D36-A907-B7B6F40ECF89}"
EndProject
Project("{9A19103F-16F7-4668-BE54-9A1E7A4F7556}") = "Ejercicio6", "Ejercicio6\Ejercicio6.csproj", "{A7AD52BE-8F74-4C03-A329-F198EEE276C4}"
EndProject
Project("{FAE04EC0-301F-11D3-BF4B-00C04F79EFBC}") = "Ejercicio7", "Ejercicio7\Ejercicio7.csproj", "{24A8F09E-49C7-401F-A2A5-5C8F07297BC5}"
EndProject
Project("{FAE04EC0-301F-11D3-BF4B-00C04F79EFBC}") = "Ejercicio8", "Ejercicio8\Ejercicio8.csproj", "{9BD94C35-3EB9-40CA-9BDF-FBC625C2C96A}"
EndProject
Global
	GlobalSection(SolutionConfigurationPlatforms) = preSolution
		Debug|Any CPU = Debug|Any CPU
		Release|Any CPU = Release|Any CPU
	EndGlobalSection
	GlobalSection(ProjectConfigurationPlatforms) = postSolution
		{50F85F41-1D5A-4C3B-BCD8-E353F65F572C}.Debug|Any CPU.ActiveCfg = Debug|Any CPU
		{50F85F41-1D5A-4C3B-BCD8-E353F65F572C}.Debug|Any CPU.Build.0 = Debug|Any CPU
		{50F85F41-1D5A-4C3B-BCD8-E353F65F572C}.Release|Any CPU.ActiveCfg = Release|Any CPU
		{50F85F41-1D5A-4C3B-BCD8-E353F65F572C}.Release|Any CPU.Build.0 = Release|Any CPU
		{B84AC2F1-757E-4437-B6A8-460E2A2BF95E}.Debug|Any CPU.ActiveCfg = Debug|Any CPU
		{B84AC2F1-757E-4437-B6A8-460E2A2BF95E}.Debug|Any CPU.Build.0 = Debug|Any CPU
		{B84AC2F1-757E-4437-B6A8-460E2A2BF95E}.Release|Any CPU.ActiveCfg = Release|Any CPU
		{B84AC2F1-757E-4437-B6A8-460E2A2BF95E}.Release|Any CPU.Build.0 = Release|Any CPU
		{3ABF8302-202C-492D-8D64-4DA9CA347839}.Debug|Any CPU.ActiveCfg = Debug|Any CPU
		{3ABF8302-202C-492D-8D64-4DA9CA347839}.Debug|Any CPU.Build.0 = Debug|Any CPU
		{3ABF8302-202C-492D-8D64-4DA9CA347839}.Release|Any CPU.ActiveCfg = Release|Any CPU
		{3ABF8302-202C-492D-8D64-4DA9CA347839}.Release|Any CPU.Build.0 = Release|Any CPU
		{6044E3F0-C539-4F2B-B04F-EC2D6F3663C2}.Debug|Any CPU.ActiveCfg = Debug|Any CPU
		{6044E3F0-C539-4F2B-B04F-EC2D6F3663C2}.Debug|Any CPU.Build.0 = Debug|Any CPU
		{6044E3F0-C539-4F2B-B04F-EC2D6F3663C2}.Release|Any CPU.ActiveCfg = Release|Any CPU
		{6044E3F0-C539-4F2B-B04F-EC2D6F3663C2}.Release|Any CPU.Build.0 = Release|Any CPU
		{533966C7-D38E-4D36-A907-B7B6F40ECF89}.Debug|Any CPU.ActiveCfg = Debug|Any CPU
		{533966C7-D38E-4D36-A907-B7B6F40ECF89}.Debug|Any CPU.Build.0 = Debug|Any CPU
		{533966C7-D38E-4D36-A907-B7B6F40ECF89}.Release|Any CPU.ActiveCfg = Release|Any CPU
		{533966C7-D38E-4D36-A907-B7B6F40ECF89}.Release|Any CPU.Build.0 = Release|Any CPU
		{A7AD52BE-8F74-4C03-A329-F198EEE276C4}.Debug|Any CPU.ActiveCfg = Debug|Any CPU
		{A7AD52BE-8F74-4C03-A329-F198EEE276C4}.Debug|Any CPU.Build.0 = Debug|Any CPU
		{A7AD52BE-8F74-4C03-A329-F198EEE276C4}.Release|Any CPU.ActiveCfg = Release|Any CPU
		{A7AD52BE-8F74-4C03-A329-F198EEE276C4}.Release|Any CPU.Build.0 = Release|Any CPU
		{24A8F09E-49C7-401F-A2A5-5C8F07297BC5}.Debug|Any CPU.ActiveCfg = Debug|Any CPU
		{24A8F09E-49C7-401F-A2A5-5C8F07297BC5}.Debug|Any CPU.Build.0 = Debug|Any CPU
		{24A8F09E-49C7-401F-A2A5-5C8F07297BC5}.Release|Any CPU.ActiveCfg = Release|Any CPU
		{24A8F09E-49C7-401F-A2A5-5C8F07297BC5}.Release|Any CPU.Build.0 = Release|Any CPU
		{9BD94C35-3EB9-40CA-9BDF-FBC625C2C96A}.Debug|Any CPU.ActiveCfg = Debug|Any CPU
		{9BD94C35-3EB9-40CA-9BDF-FBC625C2C96A}.Debug|Any CPU.Build.0 = Debug|Any CPU
		{9BD94C35-3EB9-40CA-9BDF-FBC625C2C96A}.Release|Any CPU.ActiveCfg = Release|Any CPU
		{9BD94C35-3EB9-40CA-9BDF-FBC625C2C96A}.Release|Any CPU.Build.0 = Release|Any CPU
	EndGlobalSection
	GlobalSection(SolutionProperties) = preSolution
		HideSolutionNode = FALSE
	EndGlobalSection
	GlobalSection(ExtensibilityGlobals) = postSolution
		SolutionGuid = {B7BF57D2-8369-4402-87E6-60814AF5E38D}
	EndGlobalSection
EndGlobal
